PODS:
  - MBProgressHUD (1.0.0)
  - MGCategories (0.1.0):
    - MGCategories/MGAlert (= 0.1.0)
    - MGCategories/MGCollectionView (= 0.1.0)
    - MGCategories/MGDate (= 0.1.0)
    - MGCategories/MGHUD (= 0.1.0)
    - MGCategories/MGString (= 0.1.0)
    - MGCategories/MGView (= 0.1.0)
  - MGCategories/MGAlert (0.1.0)
  - MGCategories/MGCollectionView (0.1.0)
  - MGCategories/MGDate (0.1.0)
  - MGCategories/MGHUD (0.1.0):
    - MBProgressHUD (~> 1.0.0)
  - MGCategories/MGString (0.1.0)
  - MGCategories/MGView (0.1.0)

DEPENDENCIES:
  - MGCategories (from `../`)

SPEC REPOS:
  https://github.com/CocoaPods/Specs.git:
    - MBProgressHUD

EXTERNAL SOURCES:
  MGCategories:
    :path: "../"

SPEC CHECKSUMS:
  MBProgressHUD: 4890f671c94e8a0f3cf959aa731e9de2f036d71a
  MGCategories: 4b2e448c54b99b50bf5fb97f6c5d3fd3fa64de14

PODFILE CHECKSUM: 2cc36ef2ff400fe15a1ec0ad56448c5d2a86da60

COCOAPODS: 1.5.0
