PODS:
  - MGCategories (0.0.1):
    - MGCategories/MGDate (= 0.0.1)
    - MGCategories/MGView (= 0.0.1)
  - MGCategories/MGDate (0.0.1)
  - MGCategories/MGView (0.0.1)

DEPENDENCIES:
  - MGCategories (from `../`)

EXTERNAL SOURCES:
  MGCategories:
    :path: ../

SPEC CHECKSUMS:
  MGCategories: 729f367144ed8c3ead1de3371c7d9741e37e8eeb

PODFILE CHECKSUM: 2cc36ef2ff400fe15a1ec0ad56448c5d2a86da60

COCOAPODS: 1.4.0
